
Microsoft Visual Studio Solution File, Format Version 12.00
# Visual Studio Version 17
VisualStudioVersion = 17.7.34031.279
MinimumVisualStudioVersion = 10.0.40219.1
Project("{FAE04EC0-301F-11D3-BF4B-00C04F79EFBC}") = "ProjFinal", "ProjFinal.csproj", "{64ED589F-D149-49A5-A575-6DC28A3D9B9C}"
EndProject
Global
	GlobalSection(SolutionConfigurationPlatforms) = preSolution
		Debug|Any CPU = Debug|Any CPU
		Release|Any CPU = Release|Any CPU
	EndGlobalSection
	GlobalSection(ProjectConfigurationPlatforms) = postSolution
		{64ED589F-D149-49A5-A575-6DC28A3D9B9C}.Debug|Any CPU.ActiveCfg = Debug|Any CPU
		{64ED589F-D149-49A5-A575-6DC28A3D9B9C}.Debug|Any CPU.Build.0 = Debug|Any CPU
		{64ED589F-D149-49A5-A575-6DC28A3D9B9C}.Release|Any CPU.ActiveCfg = Release|Any CPU
		{64ED589F-D149-49A5-A575-6DC28A3D9B9C}.Release|Any CPU.Build.0 = Release|Any CPU
	EndGlobalSection
	GlobalSection(SolutionProperties) = preSolution
		HideSolutionNode = FALSE
	EndGlobalSection
	GlobalSection(ExtensibilityGlobals) = postSolution
		SolutionGuid = {FB2FDA9D-C5AA-40D3-AEC8-5C2C14CB21BF}
	EndGlobalSection
EndGlobal
