
Microsoft Visual Studio Solution File, Format Version 12.00
# Visual Studio Version 17
VisualStudioVersion = 17.7.34031.279
MinimumVisualStudioVersion = 10.0.40219.1
Project("{FAE04EC0-301F-11D3-BF4B-00C04F79EFBC}") = "AppGui", "AppGui\AppGui.csproj", "{65B0BE0C-E6B5-441B-AE95-53E1293A1CAC}"
EndProject
Global
	GlobalSection(SolutionConfigurationPlatforms) = preSolution
		Debug|Any CPU = Debug|Any CPU
		Release|Any CPU = Release|Any CPU
	EndGlobalSection
	GlobalSection(ProjectConfigurationPlatforms) = postSolution
		{65B0BE0C-E6B5-441B-AE95-53E1293A1CAC}.Debug|Any CPU.ActiveCfg = Debug|Any CPU
		{65B0BE0C-E6B5-441B-AE95-53E1293A1CAC}.Debug|Any CPU.Build.0 = Debug|Any CPU
		{65B0BE0C-E6B5-441B-AE95-53E1293A1CAC}.Release|Any CPU.ActiveCfg = Release|Any CPU
		{65B0BE0C-E6B5-441B-AE95-53E1293A1CAC}.Release|Any CPU.Build.0 = Release|Any CPU
	EndGlobalSection
	GlobalSection(SolutionProperties) = preSolution
		HideSolutionNode = FALSE
	EndGlobalSection
	GlobalSection(ExtensibilityGlobals) = postSolution
		SolutionGuid = {FFBE4C92-6E47-423F-839C-9ACE236EC9E6}
	EndGlobalSection
EndGlobal
